
Microsoft Visual Studio Solution File, Format Version 12.00
# Visual Studio 14
VisualStudioVersion = 14.0.25420.1
MinimumVisualStudioVersion = 10.0.40219.1
Project("{FAE04EC0-301F-11D3-BF4B-00C04F79EFBC}") = "STSEngine.Example", "STSEngine.Example\STSEngine.Example.csproj", "{B164A357-DA6C-4ECC-B955-07BD851C7008}"
	ProjectSection(ProjectDependencies) = postProject
		{8AAC3B4F-DB42-4A4D-BFD4-D7BED1FEFB01} = {8AAC3B4F-DB42-4A4D-BFD4-D7BED1FEFB01}
	EndProjectSection
EndProject
Project("{9092AA53-FB77-4645-B42D-1CCCA6BD08BD}") = "STSEngine.ExampleServer", "STSEngine.ExampleServer\STSEngine.ExampleServer.njsproj", "{5F7E3099-C0D3-4008-B2FE-A8775521B0A3}"
EndProject
Project("{FAE04EC0-301F-11D3-BF4B-00C04F79EFBC}") = "STSEngine.Core", "STSEngine.Core\STSEngine.Core.csproj", "{8AAC3B4F-DB42-4A4D-BFD4-D7BED1FEFB01}"
EndProject
Global
	GlobalSection(SolutionConfigurationPlatforms) = preSolution
		Debug|Any CPU = Debug|Any CPU
		Release|Any CPU = Release|Any CPU
	EndGlobalSection
	GlobalSection(ProjectConfigurationPlatforms) = postSolution
		{B164A357-DA6C-4ECC-B955-07BD851C7008}.Debug|Any CPU.ActiveCfg = Debug|Any CPU
		{B164A357-DA6C-4ECC-B955-07BD851C7008}.Debug|Any CPU.Build.0 = Debug|Any CPU
		{B164A357-DA6C-4ECC-B955-07BD851C7008}.Release|Any CPU.ActiveCfg = Release|Any CPU
		{B164A357-DA6C-4ECC-B955-07BD851C7008}.Release|Any CPU.Build.0 = Release|Any CPU
		{5F7E3099-C0D3-4008-B2FE-A8775521B0A3}.Debug|Any CPU.ActiveCfg = Debug|Any CPU
		{5F7E3099-C0D3-4008-B2FE-A8775521B0A3}.Debug|Any CPU.Build.0 = Debug|Any CPU
		{5F7E3099-C0D3-4008-B2FE-A8775521B0A3}.Release|Any CPU.ActiveCfg = Release|Any CPU
		{5F7E3099-C0D3-4008-B2FE-A8775521B0A3}.Release|Any CPU.Build.0 = Release|Any CPU
		{8AAC3B4F-DB42-4A4D-BFD4-D7BED1FEFB01}.Debug|Any CPU.ActiveCfg = Debug|Any CPU
		{8AAC3B4F-DB42-4A4D-BFD4-D7BED1FEFB01}.Debug|Any CPU.Build.0 = Debug|Any CPU
		{8AAC3B4F-DB42-4A4D-BFD4-D7BED1FEFB01}.Release|Any CPU.ActiveCfg = Release|Any CPU
		{8AAC3B4F-DB42-4A4D-BFD4-D7BED1FEFB01}.Release|Any CPU.Build.0 = Release|Any CPU
	EndGlobalSection
	GlobalSection(SolutionProperties) = preSolution
		HideSolutionNode = FALSE
	EndGlobalSection
EndGlobal
